// !$*UTF8*$!
{
	archiveVersion = 1;
	classes = {
	};
	objectVersion = 46;
	objects = {

/* Begin PBXBuildFile section */
		55383A171983741E0062F677 /* EventViewController.swift in Sources */ = {isa = PBXBuildFile; fileRef = 55383A161983741E0062F677 /* EventViewController.swift */; };
		55383A19198375A80062F677 /* FriendsViewController.swift in Sources */ = {isa = PBXBuildFile; fileRef = 55383A18198375A80062F677 /* FriendsViewController.swift */; };
		55383A1B19837ABA0062F677 /* EventModel.swift in Sources */ = {isa = PBXBuildFile; fileRef = 55383A1A19837ABA0062F677 /* EventModel.swift */; };
		55383A1D19837AE00062F677 /* FriendModel.swift in Sources */ = {isa = PBXBuildFile; fileRef = 55383A1C19837AE00062F677 /* FriendModel.swift */; };
		55383A1F1984CCB80062F677 /* NotificationsViewController.swift in Sources */ = {isa = PBXBuildFile; fileRef = 55383A1E1984CCB80062F677 /* NotificationsViewController.swift */; };
		55D4455F197C6FE500DB504B /* LoginViewController.swift in Sources */ = {isa = PBXBuildFile; fileRef = 55D4455E197C6FE500DB504B /* LoginViewController.swift */; };
		55E070A0197B7D8B000C46EC /* AppDelegate.swift in Sources */ = {isa = PBXBuildFile; fileRef = 55E0709F197B7D8B000C46EC /* AppDelegate.swift */; };
		55E070A2197B7D8B000C46EC /* FirstViewController.swift in Sources */ = {isa = PBXBuildFile; fileRef = 55E070A1197B7D8B000C46EC /* FirstViewController.swift */; };
		55E070A4197B7D8B000C46EC /* SecondViewController.swift in Sources */ = {isa = PBXBuildFile; fileRef = 55E070A3197B7D8B000C46EC /* SecondViewController.swift */; };
		55E070A7197B7D8B000C46EC /* Main.storyboard in Resources */ = {isa = PBXBuildFile; fileRef = 55E070A5197B7D8B000C46EC /* Main.storyboard */; };
		55E070A9197B7D8B000C46EC /* Images.xcassets in Resources */ = {isa = PBXBuildFile; fileRef = 55E070A8197B7D8B000C46EC /* Images.xcassets */; };
		55E070B5197B7D8B000C46EC /* MayflyTests.swift in Sources */ = {isa = PBXBuildFile; fileRef = 55E070B4197B7D8B000C46EC /* MayflyTests.swift */; };
		55E070BF197C6A0E000C46EC /* ThirdViewController.swift in Sources */ = {isa = PBXBuildFile; fileRef = 55E070BE197C6A0E000C46EC /* ThirdViewController.swift */; };
/* End PBXBuildFile section */

/* Begin PBXContainerItemProxy section */
		55E070AF197B7D8B000C46EC /* PBXContainerItemProxy */ = {
			isa = PBXContainerItemProxy;
			containerPortal = 55E07092197B7D8B000C46EC /* Project object */;
			proxyType = 1;
			remoteGlobalIDString = 55E07099197B7D8B000C46EC;
			remoteInfo = Mayfly;
		};
/* End PBXContainerItemProxy section */

/* Begin PBXFileReference section */
		55383A161983741E0062F677 /* EventViewController.swift */ = {isa = PBXFileReference; fileEncoding = 4; lastKnownFileType = sourcecode.swift; path = EventViewController.swift; sourceTree = "<group>"; };
		55383A18198375A80062F677 /* FriendsViewController.swift */ = {isa = PBXFileReference; fileEncoding = 4; lastKnownFileType = sourcecode.swift; path = FriendsViewController.swift; sourceTree = "<group>"; };
		55383A1A19837ABA0062F677 /* EventModel.swift */ = {isa = PBXFileReference; fileEncoding = 4; lastKnownFileType = sourcecode.swift; path = EventModel.swift; sourceTree = "<group>"; };
		55383A1C19837AE00062F677 /* FriendModel.swift */ = {isa = PBXFileReference; fileEncoding = 4; lastKnownFileType = sourcecode.swift; path = FriendModel.swift; sourceTree = "<group>"; };
		55383A1E1984CCB80062F677 /* NotificationsViewController.swift */ = {isa = PBXFileReference; fileEncoding = 4; lastKnownFileType = sourcecode.swift; path = NotificationsViewController.swift; sourceTree = "<group>"; };
		55D4455E197C6FE500DB504B /* LoginViewController.swift */ = {isa = PBXFileReference; fileEncoding = 4; lastKnownFileType = sourcecode.swift; path = LoginViewController.swift; sourceTree = "<group>"; };
		55E0709A197B7D8B000C46EC /* Mayfly.app */ = {isa = PBXFileReference; explicitFileType = wrapper.application; includeInIndex = 0; path = Mayfly.app; sourceTree = BUILT_PRODUCTS_DIR; };
		55E0709E197B7D8B000C46EC /* Info.plist */ = {isa = PBXFileReference; lastKnownFileType = text.plist.xml; path = Info.plist; sourceTree = "<group>"; };
		55E0709F197B7D8B000C46EC /* AppDelegate.swift */ = {isa = PBXFileReference; lastKnownFileType = sourcecode.swift; path = AppDelegate.swift; sourceTree = "<group>"; };
		55E070A1197B7D8B000C46EC /* FirstViewController.swift */ = {isa = PBXFileReference; lastKnownFileType = sourcecode.swift; path = FirstViewController.swift; sourceTree = "<group>"; };
		55E070A3197B7D8B000C46EC /* SecondViewController.swift */ = {isa = PBXFileReference; lastKnownFileType = sourcecode.swift; path = SecondViewController.swift; sourceTree = "<group>"; };
		55E070A6197B7D8B000C46EC /* Base */ = {isa = PBXFileReference; lastKnownFileType = file.storyboard; name = Base; path = Base.lproj/Main.storyboard; sourceTree = "<group>"; };
		55E070A8197B7D8B000C46EC /* Images.xcassets */ = {isa = PBXFileReference; lastKnownFileType = folder.assetcatalog; path = Images.xcassets; sourceTree = "<group>"; };
		55E070AE197B7D8B000C46EC /* MayflyTests.xctest */ = {isa = PBXFileReference; explicitFileType = wrapper.cfbundle; includeInIndex = 0; path = MayflyTests.xctest; sourceTree = BUILT_PRODUCTS_DIR; };
		55E070B3197B7D8B000C46EC /* Info.plist */ = {isa = PBXFileReference; lastKnownFileType = text.plist.xml; path = Info.plist; sourceTree = "<group>"; };
		55E070B4197B7D8B000C46EC /* MayflyTests.swift */ = {isa = PBXFileReference; lastKnownFileType = sourcecode.swift; path = MayflyTests.swift; sourceTree = "<group>"; };
		55E070BE197C6A0E000C46EC /* ThirdViewController.swift */ = {isa = PBXFileReference; fileEncoding = 4; lastKnownFileType = sourcecode.swift; path = ThirdViewController.swift; sourceTree = "<group>"; };
/* End PBXFileReference section */

/* Begin PBXFrameworksBuildPhase section */
		55E07097197B7D8B000C46EC /* Frameworks */ = {
			isa = PBXFrameworksBuildPhase;
			buildActionMask = 2147483647;
			files = (
			);
			runOnlyForDeploymentPostprocessing = 0;
		};
		55E070AB197B7D8B000C46EC /* Frameworks */ = {
			isa = PBXFrameworksBuildPhase;
			buildActionMask = 2147483647;
			files = (
			);
			runOnlyForDeploymentPostprocessing = 0;
		};
/* End PBXFrameworksBuildPhase section */

/* Begin PBXGroup section */
		55383A14198373D70062F677 /* Controllers */ = {
			isa = PBXGroup;
			children = (
				55E070A1197B7D8B000C46EC /* FirstViewController.swift */,
				55E070A3197B7D8B000C46EC /* SecondViewController.swift */,
				55E070BE197C6A0E000C46EC /* ThirdViewController.swift */,
				55D4455E197C6FE500DB504B /* LoginViewController.swift */,
				55383A161983741E0062F677 /* EventViewController.swift */,
				55383A18198375A80062F677 /* FriendsViewController.swift */,
				55383A1E1984CCB80062F677 /* NotificationsViewController.swift */,
			);
			name = Controllers;
			sourceTree = "<group>";
		};
		55383A15198373F80062F677 /* Models */ = {
			isa = PBXGroup;
			children = (
				55383A1A19837ABA0062F677 /* EventModel.swift */,
				55383A1C19837AE00062F677 /* FriendModel.swift */,
			);
			name = Models;
			sourceTree = "<group>";
		};
		55E07091197B7D8B000C46EC = {
			isa = PBXGroup;
			children = (
				55E0709C197B7D8B000C46EC /* Mayfly */,
				55E070B1197B7D8B000C46EC /* MayflyTests */,
				55E0709B197B7D8B000C46EC /* Products */,
			);
			sourceTree = "<group>";
		};
		55E0709B197B7D8B000C46EC /* Products */ = {
			isa = PBXGroup;
			children = (
				55E0709A197B7D8B000C46EC /* Mayfly.app */,
				55E070AE197B7D8B000C46EC /* MayflyTests.xctest */,
			);
			name = Products;
			sourceTree = "<group>";
		};
		55E0709C197B7D8B000C46EC /* Mayfly */ = {
			isa = PBXGroup;
			children = (
				55383A15198373F80062F677 /* Models */,
				55383A14198373D70062F677 /* Controllers */,
				55E0709F197B7D8B000C46EC /* AppDelegate.swift */,
				55E070A5197B7D8B000C46EC /* Main.storyboard */,
				55E070A8197B7D8B000C46EC /* Images.xcassets */,
				55E0709D197B7D8B000C46EC /* Supporting Files */,
			);
			path = Mayfly;
			sourceTree = "<group>";
		};
		55E0709D197B7D8B000C46EC /* Supporting Files */ = {
			isa = PBXGroup;
			children = (
				55E0709E197B7D8B000C46EC /* Info.plist */,
			);
			name = "Supporting Files";
			sourceTree = "<group>";
		};
		55E070B1197B7D8B000C46EC /* MayflyTests */ = {
			isa = PBXGroup;
			children = (
				55E070B4197B7D8B000C46EC /* MayflyTests.swift */,
				55E070B2197B7D8B000C46EC /* Supporting Files */,
			);
			path = MayflyTests;
			sourceTree = "<group>";
		};
		55E070B2197B7D8B000C46EC /* Supporting Files */ = {
			isa = PBXGroup;
			children = (
				55E070B3197B7D8B000C46EC /* Info.plist */,
			);
			name = "Supporting Files";
			sourceTree = "<group>";
		};
/* End PBXGroup section */

/* Begin PBXNativeTarget section */
		55E07099197B7D8B000C46EC /* Mayfly */ = {
			isa = PBXNativeTarget;
			buildConfigurationList = 55E070B8197B7D8B000C46EC /* Build configuration list for PBXNativeTarget "Mayfly" */;
			buildPhases = (
				55E07096197B7D8B000C46EC /* Sources */,
				55E07097197B7D8B000C46EC /* Frameworks */,
				55E07098197B7D8B000C46EC /* Resources */,
			);
			buildRules = (
			);
			dependencies = (
			);
			name = Mayfly;
			productName = Mayfly;
			productReference = 55E0709A197B7D8B000C46EC /* Mayfly.app */;
			productType = "com.apple.product-type.application";
		};
		55E070AD197B7D8B000C46EC /* MayflyTests */ = {
			isa = PBXNativeTarget;
			buildConfigurationList = 55E070BB197B7D8B000C46EC /* Build configuration list for PBXNativeTarget "MayflyTests" */;
			buildPhases = (
				55E070AA197B7D8B000C46EC /* Sources */,
				55E070AB197B7D8B000C46EC /* Frameworks */,
				55E070AC197B7D8B000C46EC /* Resources */,
			);
			buildRules = (
			);
			dependencies = (
				55E070B0197B7D8B000C46EC /* PBXTargetDependency */,
			);
			name = MayflyTests;
			productName = MayflyTests;
			productReference = 55E070AE197B7D8B000C46EC /* MayflyTests.xctest */;
			productType = "com.apple.product-type.bundle.unit-test";
		};
/* End PBXNativeTarget section */

/* Begin PBXProject section */
		55E07092197B7D8B000C46EC /* Project object */ = {
			isa = PBXProject;
			attributes = {
				LastUpgradeCheck = 0600;
				ORGANIZATIONNAME = "Kushal Nigam";
				TargetAttributes = {
					55E07099197B7D8B000C46EC = {
						CreatedOnToolsVersion = 6.0;
					};
					55E070AD197B7D8B000C46EC = {
						CreatedOnToolsVersion = 6.0;
						TestTargetID = 55E07099197B7D8B000C46EC;
					};
				};
			};
			buildConfigurationList = 55E07095197B7D8B000C46EC /* Build configuration list for PBXProject "Mayfly" */;
			compatibilityVersion = "Xcode 3.2";
			developmentRegion = English;
			hasScannedForEncodings = 0;
			knownRegions = (
				en,
				Base,
			);
			mainGroup = 55E07091197B7D8B000C46EC;
			productRefGroup = 55E0709B197B7D8B000C46EC /* Products */;
			projectDirPath = "";
			projectRoot = "";
			targets = (
				55E07099197B7D8B000C46EC /* Mayfly */,
				55E070AD197B7D8B000C46EC /* MayflyTests */,
			);
		};
/* End PBXProject section */

/* Begin PBXResourcesBuildPhase section */
		55E07098197B7D8B000C46EC /* Resources */ = {
			isa = PBXResourcesBuildPhase;
			buildActionMask = 2147483647;
			files = (
				55E070A7197B7D8B000C46EC /* Main.storyboard in Resources */,
				55E070A9197B7D8B000C46EC /* Images.xcassets in Resources */,
			);
			runOnlyForDeploymentPostprocessing = 0;
		};
		55E070AC197B7D8B000C46EC /* Resources */ = {
			isa = PBXResourcesBuildPhase;
			buildActionMask = 2147483647;
			files = (
			);
			runOnlyForDeploymentPostprocessing = 0;
		};
/* End PBXResourcesBuildPhase section */

/* Begin PBXSourcesBuildPhase section */
		55E07096197B7D8B000C46EC /* Sources */ = {
			isa = PBXSourcesBuildPhase;
			buildActionMask = 2147483647;
			files = (
				55E070A4197B7D8B000C46EC /* SecondViewController.swift in Sources */,
				55E070A0197B7D8B000C46EC /* AppDelegate.swift in Sources */,
				55E070BF197C6A0E000C46EC /* ThirdViewController.swift in Sources */,
				55D4455F197C6FE500DB504B /* LoginViewController.swift in Sources */,
				55383A1D19837AE00062F677 /* FriendModel.swift in Sources */,
				55383A1F1984CCB80062F677 /* NotificationsViewController.swift in Sources */,
				55383A19198375A80062F677 /* FriendsViewController.swift in Sources */,
				55E070A2197B7D8B000C46EC /* FirstViewController.swift in Sources */,
				55383A1B19837ABA0062F677 /* EventModel.swift in Sources */,
				55383A171983741E0062F677 /* EventViewController.swift in Sources */,
			);
			runOnlyForDeploymentPostprocessing = 0;
		};
		55E070AA197B7D8B000C46EC /* Sources */ = {
			isa = PBXSourcesBuildPhase;
			buildActionMask = 2147483647;
			files = (
				55E070B5197B7D8B000C46EC /* MayflyTests.swift in Sources */,
			);
			runOnlyForDeploymentPostprocessing = 0;
		};
/* End PBXSourcesBuildPhase section */

/* Begin PBXTargetDependency section */
		55E070B0197B7D8B000C46EC /* PBXTargetDependency */ = {
			isa = PBXTargetDependency;
			target = 55E07099197B7D8B000C46EC /* Mayfly */;
			targetProxy = 55E070AF197B7D8B000C46EC /* PBXContainerItemProxy */;
		};
/* End PBXTargetDependency section */

/* Begin PBXVariantGroup section */
		55E070A5197B7D8B000C46EC /* Main.storyboard */ = {
			isa = PBXVariantGroup;
			children = (
				55E070A6197B7D8B000C46EC /* Base */,
			);
			name = Main.storyboard;
			sourceTree = "<group>";
		};
/* End PBXVariantGroup section */

/* Begin XCBuildConfiguration section */
		55E070B6197B7D8B000C46EC /* Debug */ = {
			isa = XCBuildConfiguration;
			buildSettings = {
				ALWAYS_SEARCH_USER_PATHS = NO;
				CLANG_CXX_LANGUAGE_STANDARD = "gnu++0x";
				CLANG_CXX_LIBRARY = "libc++";
				CLANG_ENABLE_MODULES = YES;
				CLANG_ENABLE_OBJC_ARC = YES;
				CLANG_WARN_BOOL_CONVERSION = YES;
				CLANG_WARN_CONSTANT_CONVERSION = YES;
				CLANG_WARN_DIRECT_OBJC_ISA_USAGE = YES_ERROR;
				CLANG_WARN_EMPTY_BODY = YES;
				CLANG_WARN_ENUM_CONVERSION = YES;
				CLANG_WARN_INT_CONVERSION = YES;
				CLANG_WARN_OBJC_ROOT_CLASS = YES_ERROR;
				CLANG_WARN_UNREACHABLE_CODE = YES;
				CLANG_WARN__DUPLICATE_METHOD_MATCH = YES;
				"CODE_SIGN_IDENTITY[sdk=iphoneos*]" = "iPhone Developer";
				COPY_PHASE_STRIP = NO;
				ENABLE_STRICT_OBJC_MSGSEND = YES;
				GCC_C_LANGUAGE_STANDARD = gnu99;
				GCC_DYNAMIC_NO_PIC = NO;
				GCC_OPTIMIZATION_LEVEL = 0;
				GCC_PREPROCESSOR_DEFINITIONS = (
					"DEBUG=1",
					"$(inherited)",
				);
				GCC_SYMBOLS_PRIVATE_EXTERN = NO;
				GCC_WARN_64_TO_32_BIT_CONVERSION = YES;
				GCC_WARN_ABOUT_RETURN_TYPE = YES_ERROR;
				GCC_WARN_UNDECLARED_SELECTOR = YES;
				GCC_WARN_UNINITIALIZED_AUTOS = YES_AGGRESSIVE;
				GCC_WARN_UNUSED_FUNCTION = YES;
				GCC_WARN_UNUSED_VARIABLE = YES;
				IPHONEOS_DEPLOYMENT_TARGET = 8.0;
				MTL_ENABLE_DEBUG_INFO = YES;
				ONLY_ACTIVE_ARCH = YES;
				SDKROOT = iphoneos;
				SWIFT_OPTIMIZATION_LEVEL = "-Onone";
				TARGETED_DEVICE_FAMILY = "1,2";
			};
			name = Debug;
		};
		55E070B7197B7D8B000C46EC /* Release */ = {
			isa = XCBuildConfiguration;
			buildSettings = {
				ALWAYS_SEARCH_USER_PATHS = NO;
				CLANG_CXX_LANGUAGE_STANDARD = "gnu++0x";
				CLANG_CXX_LIBRARY = "libc++";
				CLANG_ENABLE_MODULES = YES;
				CLANG_ENABLE_OBJC_ARC = YES;
				CLANG_WARN_BOOL_CONVERSION = YES;
				CLANG_WARN_CONSTANT_CONVERSION = YES;
				CLANG_WARN_DIRECT_OBJC_ISA_USAGE = YES_ERROR;
				CLANG_WARN_EMPTY_BODY = YES;
				CLANG_WARN_ENUM_CONVERSION = YES;
				CLANG_WARN_INT_CONVERSION = YES;
				CLANG_WARN_OBJC_ROOT_CLASS = YES_ERROR;
				CLANG_WARN_UNREACHABLE_CODE = YES;
				CLANG_WARN__DUPLICATE_METHOD_MATCH = YES;
				"CODE_SIGN_IDENTITY[sdk=iphoneos*]" = "iPhone Developer";
				COPY_PHASE_STRIP = YES;
				ENABLE_NS_ASSERTIONS = NO;
				ENABLE_STRICT_OBJC_MSGSEND = YES;
				GCC_C_LANGUAGE_STANDARD = gnu99;
				GCC_WARN_64_TO_32_BIT_CONVERSION = YES;
				GCC_WARN_ABOUT_RETURN_TYPE = YES_ERROR;
				GCC_WARN_UNDECLARED_SELECTOR = YES;
				GCC_WARN_UNINITIALIZED_AUTOS = YES_AGGRESSIVE;
				GCC_WARN_UNUSED_FUNCTION = YES;
				GCC_WARN_UNUSED_VARIABLE = YES;
				IPHONEOS_DEPLOYMENT_TARGET = 8.0;
				MTL_ENABLE_DEBUG_INFO = NO;
				SDKROOT = iphoneos;
				TARGETED_DEVICE_FAMILY = "1,2";
				VALIDATE_PRODUCT = YES;
			};
			name = Release;
		};
		55E070B9197B7D8B000C46EC /* Debug */ = {
			isa = XCBuildConfiguration;
			buildSettings = {
				ASSETCATALOG_COMPILER_APPICON_NAME = AppIcon;
				ASSETCATALOG_COMPILER_LAUNCHIMAGE_NAME = LaunchImage;
				INFOPLIST_FILE = Mayfly/Info.plist;
				IPHONEOS_DEPLOYMENT_TARGET = 7.1;
				LD_RUNPATH_SEARCH_PATHS = "$(inherited) @executable_path/Frameworks";
				PRODUCT_NAME = "$(TARGET_NAME)";
				TARGETED_DEVICE_FAMILY = "1,2";
			};
			name = Debug;
		};
		55E070BA197B7D8B000C46EC /* Release */ = {
			isa = XCBuildConfiguration;
			buildSettings = {
				ASSETCATALOG_COMPILER_APPICON_NAME = AppIcon;
				ASSETCATALOG_COMPILER_LAUNCHIMAGE_NAME = LaunchImage;
				INFOPLIST_FILE = Mayfly/Info.plist;
				IPHONEOS_DEPLOYMENT_TARGET = 7.1;
				LD_RUNPATH_SEARCH_PATHS = "$(inherited) @executable_path/Frameworks";
				PRODUCT_NAME = "$(TARGET_NAME)";
				TARGETED_DEVICE_FAMILY = "1,2";
			};
			name = Release;
		};
		55E070BC197B7D8B000C46EC /* Debug */ = {
			isa = XCBuildConfiguration;
			buildSettings = {
				BUNDLE_LOADER = "$(BUILT_PRODUCTS_DIR)/Mayfly.app/Mayfly";
				FRAMEWORK_SEARCH_PATHS = (
					"$(SDKROOT)/Developer/Library/Frameworks",
					"$(inherited)",
				);
				GCC_PREPROCESSOR_DEFINITIONS = (
					"DEBUG=1",
					"$(inherited)",
				);
				INFOPLIST_FILE = MayflyTests/Info.plist;
				LD_RUNPATH_SEARCH_PATHS = "$(inherited) @executable_path/Frameworks @loader_path/Frameworks";
				PRODUCT_NAME = "$(TARGET_NAME)";
				TEST_HOST = "$(BUNDLE_LOADER)";
			};
			name = Debug;
		};
		55E070BD197B7D8B000C46EC /* Release */ = {
			isa = XCBuildConfiguration;
			buildSettings = {
				BUNDLE_LOADER = "$(BUILT_PRODUCTS_DIR)/Mayfly.app/Mayfly";
				FRAMEWORK_SEARCH_PATHS = (
					"$(SDKROOT)/Developer/Library/Frameworks",
					"$(inherited)",
				);
				INFOPLIST_FILE = MayflyTests/Info.plist;
				LD_RUNPATH_SEARCH_PATHS = "$(inherited) @executable_path/Frameworks @loader_path/Frameworks";
				PRODUCT_NAME = "$(TARGET_NAME)";
				TEST_HOST = "$(BUNDLE_LOADER)";
			};
			name = Release;
		};
/* End XCBuildConfiguration section */

/* Begin XCConfigurationList section */
		55E07095197B7D8B000C46EC /* Build configuration list for PBXProject "Mayfly" */ = {
			isa = XCConfigurationList;
			buildConfigurations = (
				55E070B6197B7D8B000C46EC /* Debug */,
				55E070B7197B7D8B000C46EC /* Release */,
			);
			defaultConfigurationIsVisible = 0;
			defaultConfigurationName = Release;
		};
		55E070B8197B7D8B000C46EC /* Build configuration list for PBXNativeTarget "Mayfly" */ = {
			isa = XCConfigurationList;
			buildConfigurations = (
				55E070B9197B7D8B000C46EC /* Debug */,
				55E070BA197B7D8B000C46EC /* Release */,
			);
			defaultConfigurationIsVisible = 0;
			defaultConfigurationName = Release;
		};
		55E070BB197B7D8B000C46EC /* Build configuration list for PBXNativeTarget "MayflyTests" */ = {
			isa = XCConfigurationList;
			buildConfigurations = (
				55E070BC197B7D8B000C46EC /* Debug */,
				55E070BD197B7D8B000C46EC /* Release */,
			);
			defaultConfigurationIsVisible = 0;
			defaultConfigurationName = Release;
		};
/* End XCConfigurationList section */
	};
	rootObject = 55E07092197B7D8B000C46EC /* Project object */;
}
